
Microsoft Visual Studio Solution File, Format Version 12.00
# Visual Studio Version 17
VisualStudioVersion = 17.5.002.0
MinimumVisualStudioVersion = 10.0.40219.1
Project("{9A19103F-16F7-4668-BE54-9A1E7A4F7556}") = "Chat-App-SG1", "Chat-App-SG1.csproj", "{09827934-68D3-4228-8F57-FACD0B463BBC}"
EndProject
Global
	GlobalSection(SolutionConfigurationPlatforms) = preSolution
		Debug|Any CPU = Debug|Any CPU
		Release|Any CPU = Release|Any CPU
	EndGlobalSection
	GlobalSection(ProjectConfigurationPlatforms) = postSolution
		{09827934-68D3-4228-8F57-FACD0B463BBC}.Debug|Any CPU.ActiveCfg = Debug|Any CPU
		{09827934-68D3-4228-8F57-FACD0B463BBC}.Debug|Any CPU.Build.0 = Debug|Any CPU
		{09827934-68D3-4228-8F57-FACD0B463BBC}.Release|Any CPU.ActiveCfg = Release|Any CPU
		{09827934-68D3-4228-8F57-FACD0B463BBC}.Release|Any CPU.Build.0 = Release|Any CPU
	EndGlobalSection
	GlobalSection(SolutionProperties) = preSolution
		HideSolutionNode = FALSE
	EndGlobalSection
	GlobalSection(ExtensibilityGlobals) = postSolution
		SolutionGuid = {2DACA422-0C51-4CEA-867D-81254E517B37}
	EndGlobalSection
EndGlobal
